
Microsoft Visual Studio Solution File, Format Version 12.00
# Visual Studio 14
VisualStudioVersion = 14.0.25420.1
MinimumVisualStudioVersion = 10.0.40219.1
Project("{FAE04EC0-301F-11D3-BF4B-00C04F79EFBC}") = "ThreadingApp", "ThreadingApp\ThreadingApp.csproj", "{4824D264-B9AB-44AF-AA02-EF0352510532}"
EndProject
Project("{FAE04EC0-301F-11D3-BF4B-00C04F79EFBC}") = "Introduction", "Introduction\Introduction.csproj", "{6B4048A7-2B9F-4BF4-A925-7592C1698454}"
EndProject
Project("{FAE04EC0-301F-11D3-BF4B-00C04F79EFBC}") = "ThreadPool", "ThreadPool\ThreadPool.csproj", "{213204F6-535A-4B71-8DB1-CAECEC25DFF1}"
EndProject
Global
	GlobalSection(SolutionConfigurationPlatforms) = preSolution
		Debug|Any CPU = Debug|Any CPU
		Release|Any CPU = Release|Any CPU
	EndGlobalSection
	GlobalSection(ProjectConfigurationPlatforms) = postSolution
		{4824D264-B9AB-44AF-AA02-EF0352510532}.Debug|Any CPU.ActiveCfg = Debug|Any CPU
		{4824D264-B9AB-44AF-AA02-EF0352510532}.Debug|Any CPU.Build.0 = Debug|Any CPU
		{4824D264-B9AB-44AF-AA02-EF0352510532}.Release|Any CPU.ActiveCfg = Release|Any CPU
		{4824D264-B9AB-44AF-AA02-EF0352510532}.Release|Any CPU.Build.0 = Release|Any CPU
		{6B4048A7-2B9F-4BF4-A925-7592C1698454}.Debug|Any CPU.ActiveCfg = Debug|Any CPU
		{6B4048A7-2B9F-4BF4-A925-7592C1698454}.Debug|Any CPU.Build.0 = Debug|Any CPU
		{6B4048A7-2B9F-4BF4-A925-7592C1698454}.Release|Any CPU.ActiveCfg = Release|Any CPU
		{6B4048A7-2B9F-4BF4-A925-7592C1698454}.Release|Any CPU.Build.0 = Release|Any CPU
		{213204F6-535A-4B71-8DB1-CAECEC25DFF1}.Debug|Any CPU.ActiveCfg = Debug|Any CPU
		{213204F6-535A-4B71-8DB1-CAECEC25DFF1}.Debug|Any CPU.Build.0 = Debug|Any CPU
		{213204F6-535A-4B71-8DB1-CAECEC25DFF1}.Release|Any CPU.ActiveCfg = Release|Any CPU
		{213204F6-535A-4B71-8DB1-CAECEC25DFF1}.Release|Any CPU.Build.0 = Release|Any CPU
	EndGlobalSection
	GlobalSection(SolutionProperties) = preSolution
		HideSolutionNode = FALSE
	EndGlobalSection
EndGlobal
